PackratFormat: 1.4
PackratVersion: 0.4.2.1
RVersion: 3.2.0
Repos: =http://cran.at.r-project.org

Package: R6
Source: CRAN
Version: 2.0.1
Hash: 9a3ac4e5fd8059af0fc5156bcb019bbc

Package: RColorBrewer
Source: CRAN
Version: 1.1-2
Hash: 5203278413b09be06483c5ac1920bb05

Package: RCurl
Source: CRAN
Version: 1.95-4.6
Hash: a4d86df231587d1eae56f29c278bad0d
Requires: bitops

Package: RJSONIO
Source: CRAN
Version: 1.3-0
Hash: 8b1341dfd547c90ed4b3365d5aa46a7b

Package: Rcpp
Source: CRAN
Version: 0.11.5
Hash: 3e452cb48f3ec8a7cf27fb9ab8624639

Package: RgoogleMaps
Source: CRAN
Version: 1.2.0.7
Hash: 7b89070606956de87fd505efec283740
Requires: RJSONIO, png

Package: XML
Source: CRAN
Version: 3.98-1.1
Hash: 13746d37588e7083349177d6e8234864

Package: bitops
Source: CRAN
Version: 1.0-6
Hash: cb26464a8321628636b547518994c931

Package: brew
Source: CRAN
Version: 1.0-6
Hash: 9d92cc5ac60123fdb7b0daa3ae83bf99

Package: caTools
Source: CRAN
Version: 1.17.1
Hash: bb5fdc266f716b8a289a4f92007d53e3
Requires: bitops

Package: colorspace
Source: CRAN
Version: 1.2-6
Hash: a53ddc5a49706984d234ea5cc209c8f0

Package: curl
Source: CRAN
Version: 0.5
Hash: 6b3d62cb5f5ec2674978f22d00aa919f

Package: dataRetrieval
Source: CRAN
Version: 2.2.0
Hash: 542c1385f32123bbfdd64d16806820ad
Requires: RCurl, XML, lubridate, plyr, reshape2

Package: devtools
Source: github
Version: 1.7.0.9000
Hash: ed3475f117b768cd5f14b8fca1b72cdc0717a32f
Requires: RCurl, digest, evaluate, httr, jsonlite, memoise, roxygen2,
    rstudioapi, whisker
GithubRepo: devtools
GithubUsername: hadley
GithubRef: master
GithubSha1: ed3475f117b768cd5f14b8fca1b72cdc0717a32f

Package: dichromat
Source: CRAN
Version: 2.0-0
Hash: 42be2136555fa4b6167605df56d8cd7c

Package: digest
Source: CRAN
Version: 0.6.8
Hash: 89dc4c8734dad5322bb3c5c2af09056f

Package: doMC
Source: CRAN
Version: 1.3.3
Hash: c53c461dd2a36d1920438e23e00aea4f
Requires: foreach, iterators

Package: evaluate
Source: CRAN
Version: 0.7
Hash: 96c38894bf65a2e890f7c6ec840a6466
Requires: stringr

Package: foreach
Source: CRAN
Version: 1.4.2
Hash: fbdaa99f6c6bd4f252c5d8412f6e79c9
Requires: iterators

Package: formatR
Source: CRAN
Version: 1.2
Hash: d518b2a342a62e0add8c07403859ff13

Package: geosphere
Source: CRAN
Version: 1.3-13
Hash: 36c69e6720445b3ab89693950b7b4c2d
Requires: sp

Package: ggmap
Source: CRAN
Version: 2.4
Hash: 6e6d3591c5436f7eb68da14a1b6b868e
Requires: RgoogleMaps, digest, geosphere, ggplot2, jpeg, mapproj, plyr,
    png, proto, reshape2, rjson, scales

Package: ggplot2
Source: CRAN
Version: 1.0.1
Hash: 06a8e5faacfd76c9e4ab11a5b7ad94d6
Requires: digest, gtable, plyr, proto, reshape2, scales

Package: gtable
Source: CRAN
Version: 0.1.2
Hash: 0cf4a2b54c02b35dec7e74a8ebed12a0

Package: highr
Source: CRAN
Version: 0.5
Hash: d9f29aef93e6fd4f287cec2de07ca468

Package: htmltools
Source: CRAN
Version: 0.2.6
Hash: 2c87108d130de261ac3c468d3316ae42
Requires: digest

Package: httr
Source: CRAN
Version: 0.6.1
Hash: 3b082465d75a7a0c3d09ad06a0905aff
Requires: R6, RCurl, digest, jsonlite, mime, stringr

Package: iterators
Source: CRAN
Version: 1.0.7
Hash: b5320a58712688d5b18c207cf256ef3f

Package: jpeg
Source: CRAN
Version: 0.1-8
Hash: 2a96df07e30724f8bb773e4f78c634c6

Package: jsonlite
Source: CRAN
Version: 0.9.16
Hash: d96313db22c1ea2028538db1fc96fe5a

Package: knitr
Source: CRAN
Version: 1.10
Hash: 597470725a1eabf96f79610e1c0b0a29
Requires: digest, evaluate, formatR, highr, markdown, stringr, yaml

Package: labeling
Source: CRAN
Version: 0.3
Hash: 568a992912caf7eeddfb121924154047

Package: lubridate
Source: CRAN
Version: 1.3.3
Hash: f19612b23b1b15febdf30ee920a6e7df
Requires: memoise, plyr, stringr

Package: mapproj
Source: CRAN
Version: 1.2-2
Hash: 26b74cac98f12af52703765791824ea2
Requires: maps

Package: maps
Source: CRAN
Version: 2.3-9
Hash: 236a24fa187bb1f3a1694f2915597c5e

Package: markdown
Source: CRAN
Version: 0.7.7
Hash: 3fdcd70d6d9a7067ffa051d143c48f4c
Requires: mime

Package: memoise
Source: CRAN
Version: 0.2.1
Hash: fc52fa39dfd216c44d64812ff31b1c67
Requires: digest

Package: mime
Source: CRAN
Version: 0.3
Hash: 843fd754c122f266d910a04642e0703d

Package: munsell
Source: CRAN
Version: 0.4.2
Hash: fa8af6d040041439b249351e9d16ae9a
Requires: colorspace

Package: ncdf4
Source: CRAN
Version: 1.13
Hash: 6c72cbe4773b6b40bf0afb76eb0a37d7

Package: packrat
Source: CRAN
Version: 0.4.2-1
Hash: 085f944cec9b56e8a280222b5174c76e

Package: plyr
Source: CRAN
Version: 1.8.2
Hash: 4997cfd365c935eaaef569f25546b027
Requires: Rcpp

Package: png
Source: CRAN
Version: 0.1-7
Hash: 7559dcd0a9f188351986d0494ec1516d

Package: proto
Source: CRAN
Version: 0.3-10
Hash: 668a9e87cedbdc5f56c396edf1bd2648

Package: raster
Source: CRAN
Version: 2.3-40
Hash: 694b1c15bc534e65125374f829f6cefb
Requires: sp

Package: reshape2
Source: CRAN
Version: 1.4.1
Hash: d3d77b083fd5485f674487aa23011ea7
Requires: Rcpp, plyr, stringr

Package: rjson
Source: CRAN
Version: 0.2.15
Hash: f78059fac4af154bfe46bf547ae12be9

Package: rmarkdown
Source: CRAN
Version: 0.5.1
Hash: 2d87f70c12c5558c50c4b3587fc6f499
Requires: caTools, htmltools, knitr, yaml

Package: roxygen2
Source: CRAN
Version: 4.1.1
Hash: e030acbd1526c09f7b74315c40f87480
Requires: Rcpp, brew, digest, stringr

Package: rstudioapi
Source: CRAN
Version: 0.3.1
Hash: ee415a4fe305c6222630d8e5572781e7

Package: scales
Source: CRAN
Version: 0.2.4
Hash: b8b1af97bd07818605223060386b00dd
Requires: RColorBrewer, dichromat, labeling, munsell, plyr

Package: sp
Source: CRAN
Version: 1.1-0
Hash: 53fa1a7a03c897eac993d0a2253c5b0d

Package: stringr
Source: CRAN
Version: 0.6.2
Hash: cdde0cfa0f52cffeaca23a11a3899779

Package: testthat
Source: CRAN
Version: 0.9.1
Hash: 8b05e97c7401ae4f8b5dfbaa44cfcf20
Requires: digest

Package: whisker
Source: CRAN
Version: 0.3-2
Hash: 186ab2937fec1694c8a63009a2389c4e

Package: yaml
Source: CRAN
Version: 2.1.13
Hash: e5d041c001f6d641fd009c1f6ef7d831
