PackratFormat: 1.4
PackratVersion: 0.4.2.1
RVersion: 3.1.2
Repos: =http://cran.at.r-project.org

Package: R6
Source: CRAN
Version: 2.0.1
Hash: 9a3ac4e5fd8059af0fc5156bcb019bbc

Package: RColorBrewer
Source: CRAN
Version: 1.1-2
Hash: 5203278413b09be06483c5ac1920bb05

Package: RCurl
Source: CRAN
Version: 1.95-4.5
Hash: 1187c1ea73013abf25f362a7e6da1046
Requires: bitops

Package: RJSONIO
Source: CRAN
Version: 1.3-0
Hash: 8b1341dfd547c90ed4b3365d5aa46a7b

Package: Rcpp
Source: CRAN
Version: 0.11.3
Hash: d9cc0a13885961b2d004cf73b0fb68dd

Package: RgoogleMaps
Source: CRAN
Version: 1.2.0.6
Hash: 94d5dca13d4b4b6b7e747f1ac735f77b
Requires: RJSONIO, png

Package: bitops
Source: CRAN
Version: 1.0-6
Hash: cb26464a8321628636b547518994c931

Package: brew
Source: CRAN
Version: 1.0-6
Hash: 9d92cc5ac60123fdb7b0daa3ae83bf99

Package: colorspace
Source: CRAN
Version: 1.2-4
Hash: b775bd08a10f968fef582304b7c3ab9c

Package: devtools
Source: github
Version: 1.7.0
Hash: fcfdbf8782293fd9f3e61b617ba76ad733c371bd
Requires: RCurl, digest, evaluate, httr, jsonlite, memoise, roxygen2,
    rstudioapi, whisker
GithubRepo: devtools
GithubUsername: hadley
GithubRef: master
GithubSha1: fcfdbf8782293fd9f3e61b617ba76ad733c371bd

Package: dichromat
Source: CRAN
Version: 2.0-0
Hash: 42be2136555fa4b6167605df56d8cd7c

Package: digest
Source: CRAN
Version: 0.6.8
Hash: 89dc4c8734dad5322bb3c5c2af09056f

Package: evaluate
Source: CRAN
Version: 0.5.5
Hash: 20881970e590ee68de97a468694db7b0
Requires: stringr

Package: formatR
Source: CRAN
Version: 1.0
Hash: a90c211d7df7e61a72b8ab6c99c2e848

Package: ggmap
Source: CRAN
Version: 2.3
Hash: de98e41d089a704b5c03da03a806f2fb
Requires: RgoogleMaps, ggplot2, mapproj, plyr, png, proto, reshape2,
    rjson, scales

Package: ggplot2
Source: CRAN
Version: 1.0.0
Hash: c8bff66238347472f08b6a35608539ff
Requires: digest, gtable, plyr, proto, reshape2, scales

Package: gtable
Source: CRAN
Version: 0.1.2
Hash: 0cf4a2b54c02b35dec7e74a8ebed12a0

Package: highr
Source: CRAN
Version: 0.4
Hash: 8c77cca8556e1501621b4a5ccb7999bd

Package: httr
Source: CRAN
Version: 0.6.1
Hash: 3b082465d75a7a0c3d09ad06a0905aff
Requires: R6, RCurl, digest, jsonlite, mime, stringr

Package: jsonlite
Source: CRAN
Version: 0.9.14
Hash: 1e949c7f0f926734e2ff498eddb2309a

Package: knitr
Source: CRAN
Version: 1.8
Hash: d00d7b314ca4c34f8a56ceacefb31b4f
Requires: digest, evaluate, formatR, highr, markdown, stringr

Package: labeling
Source: CRAN
Version: 0.3
Hash: 568a992912caf7eeddfb121924154047

Package: lubridate
Source: CRAN
Version: 1.3.3
Hash: f19612b23b1b15febdf30ee920a6e7df
Requires: memoise, plyr, stringr

Package: mapproj
Source: CRAN
Version: 1.2-2
Hash: 26b74cac98f12af52703765791824ea2
Requires: maps

Package: maps
Source: CRAN
Version: 2.3-9
Hash: 236a24fa187bb1f3a1694f2915597c5e

Package: markdown
Source: CRAN
Version: 0.7.4
Hash: 01d7f71ed6e3d9b1c17ba51cff91be72
Requires: mime

Package: memoise
Source: CRAN
Version: 0.2.1
Hash: fc52fa39dfd216c44d64812ff31b1c67
Requires: digest

Package: mime
Source: CRAN
Version: 0.2
Hash: 9179db921fcb2e5be44e217042ed06bc

Package: munsell
Source: CRAN
Version: 0.4.2
Hash: fa8af6d040041439b249351e9d16ae9a
Requires: colorspace

Package: ncdf4
Source: CRAN
Version: 1.13
Hash: 6c72cbe4773b6b40bf0afb76eb0a37d7

Package: packrat
Source: CRAN
Version: 0.4.2-1
Hash: 085f944cec9b56e8a280222b5174c76e

Package: plyr
Source: CRAN
Version: 1.8.1
Hash: 6a287219196e18bc6261dc11b41b1ca0
Requires: Rcpp

Package: png
Source: CRAN
Version: 0.1-7
Hash: 7559dcd0a9f188351986d0494ec1516d

Package: proto
Source: CRAN
Version: 0.3-10
Hash: 668a9e87cedbdc5f56c396edf1bd2648

Package: reshape2
Source: CRAN
Version: 1.4.1
Hash: 21b63c5bb8ff2ef850ea40a4cb21d250
Requires: Rcpp, plyr, stringr

Package: rjson
Source: CRAN
Version: 0.2.15
Hash: f78059fac4af154bfe46bf547ae12be9

Package: roxygen2
Source: CRAN
Version: 4.1.0
Hash: c3feaf4b9f8559778533f00763fad38f
Requires: Rcpp, brew, digest, stringr

Package: rstudioapi
Source: github
Version: 0.2
Hash: 3d0530172145968a1cd5341ed814cd8d3582c29c
GithubRepo: rstudioapi
GithubUsername: rstudio
GithubRef: master
GithubSha1: 3d0530172145968a1cd5341ed814cd8d3582c29c

Package: scales
Source: CRAN
Version: 0.2.4
Hash: b8b1af97bd07818605223060386b00dd
Requires: RColorBrewer, dichromat, labeling, munsell, plyr

Package: stringr
Source: CRAN
Version: 0.6.2
Hash: cdde0cfa0f52cffeaca23a11a3899779

Package: testthat
Source: CRAN
Version: 0.9.1
Hash: 8b05e97c7401ae4f8b5dfbaa44cfcf20
Requires: digest

Package: whisker
Source: CRAN
Version: 0.3-2
Hash: 186ab2937fec1694c8a63009a2389c4e
